
Microsoft Visual Studio Solution File, Format Version 12.00
# Visual Studio Version 17
VisualStudioVersion = 17.8.34408.163
MinimumVisualStudioVersion = 10.0.40219.1
Project("{FAE04EC0-301F-11D3-BF4B-00C04F79EFBC}") = "NZWalks.API", "NZWalks.API\NZWalks.API.csproj", "{6AA7FCA8-B3FB-4E16-92CE-F9AB55333F9C}"
EndProject
Global
	GlobalSection(SolutionConfigurationPlatforms) = preSolution
		Debug|Any CPU = Debug|Any CPU
		Release|Any CPU = Release|Any CPU
	EndGlobalSection
	GlobalSection(ProjectConfigurationPlatforms) = postSolution
		{6AA7FCA8-B3FB-4E16-92CE-F9AB55333F9C}.Debug|Any CPU.ActiveCfg = Debug|Any CPU
		{6AA7FCA8-B3FB-4E16-92CE-F9AB55333F9C}.Debug|Any CPU.Build.0 = Debug|Any CPU
		{6AA7FCA8-B3FB-4E16-92CE-F9AB55333F9C}.Release|Any CPU.ActiveCfg = Release|Any CPU
		{6AA7FCA8-B3FB-4E16-92CE-F9AB55333F9C}.Release|Any CPU.Build.0 = Release|Any CPU
	EndGlobalSection
	GlobalSection(SolutionProperties) = preSolution
		HideSolutionNode = FALSE
	EndGlobalSection
	GlobalSection(ExtensibilityGlobals) = postSolution
		SolutionGuid = {7A4D1189-7619-47F5-8286-1F515951D3FA}
	EndGlobalSection
EndGlobal
